
Microsoft Visual Studio Solution File, Format Version 12.00
# Visual Studio Version 17
VisualStudioVersion = 17.13.35806.99
MinimumVisualStudioVersion = 10.0.40219.1
Project("{FAE04EC0-301F-11D3-BF4B-00C04F79EFBC}") = "BandidGirlsAPI", "BandidGirlsAPI\BandidGirlsAPI.csproj", "{2D50E104-D9E1-4F36-A1D1-52D3D405E199}"
EndProject
Global
	GlobalSection(SolutionConfigurationPlatforms) = preSolution
		Debug|Any CPU = Debug|Any CPU
		Release|Any CPU = Release|Any CPU
	EndGlobalSection
	GlobalSection(ProjectConfigurationPlatforms) = postSolution
		{2D50E104-D9E1-4F36-A1D1-52D3D405E199}.Debug|Any CPU.ActiveCfg = Debug|Any CPU
		{2D50E104-D9E1-4F36-A1D1-52D3D405E199}.Debug|Any CPU.Build.0 = Debug|Any CPU
		{2D50E104-D9E1-4F36-A1D1-52D3D405E199}.Release|Any CPU.ActiveCfg = Release|Any CPU
		{2D50E104-D9E1-4F36-A1D1-52D3D405E199}.Release|Any CPU.Build.0 = Release|Any CPU
	EndGlobalSection
	GlobalSection(SolutionProperties) = preSolution
		HideSolutionNode = FALSE
	EndGlobalSection
	GlobalSection(ExtensibilityGlobals) = postSolution
		SolutionGuid = {4F6CA2AC-33D3-4370-A27F-A7F0199445DE}
	EndGlobalSection
EndGlobal
